
Microsoft Visual Studio Solution File, Format Version 12.00
# Visual Studio 2012
Project("{FAE04EC0-301F-11D3-BF4B-00C04F79EFBC}") = "RawFileProjectTemplateTestAddin", "RawFileProjectTemplateTestAddin.csproj", "{F48D79B0-B729-4842-B6C6-08D5DDED1182}"
EndProject
Global
	GlobalSection(SolutionConfigurationPlatforms) = preSolution
		Debug|Any CPU = Debug|Any CPU
		Release|Any CPU = Release|Any CPU
	EndGlobalSection
	GlobalSection(ProjectConfigurationPlatforms) = postSolution
		{F48D79B0-B729-4842-B6C6-08D5DDED1182}.Debug|Any CPU.ActiveCfg = Debug|Any CPU
		{F48D79B0-B729-4842-B6C6-08D5DDED1182}.Debug|Any CPU.Build.0 = Debug|Any CPU
		{F48D79B0-B729-4842-B6C6-08D5DDED1182}.Release|Any CPU.ActiveCfg = Release|Any CPU
		{F48D79B0-B729-4842-B6C6-08D5DDED1182}.Release|Any CPU.Build.0 = Release|Any CPU
	EndGlobalSection
	GlobalSection(MonoDevelopProperties) = preSolution
		StartupItem = RawFileProjectTemplateTestAddin.csproj
	EndGlobalSection
EndGlobal
